
Microsoft Visual Studio Solution File, Format Version 12.00
# Visual Studio 2012
Project("{FAE04EC0-301F-11D3-BF4B-00C04F79EFBC}") = "EasyFullScreen", "WindowSideTrim\EasyFullScreen.csproj", "{E0F75E4F-4594-4F8D-949C-FB4085E475AD}"
EndProject
Global
	GlobalSection(SolutionConfigurationPlatforms) = preSolution
		Debug|Any CPU = Debug|Any CPU
		Release|Any CPU = Release|Any CPU
	EndGlobalSection
	GlobalSection(ProjectConfigurationPlatforms) = postSolution
		{E0F75E4F-4594-4F8D-949C-FB4085E475AD}.Debug|Any CPU.ActiveCfg = Debug|Any CPU
		{E0F75E4F-4594-4F8D-949C-FB4085E475AD}.Debug|Any CPU.Build.0 = Debug|Any CPU
		{E0F75E4F-4594-4F8D-949C-FB4085E475AD}.Release|Any CPU.ActiveCfg = Release|Any CPU
		{E0F75E4F-4594-4F8D-949C-FB4085E475AD}.Release|Any CPU.Build.0 = Release|Any CPU
	EndGlobalSection
	GlobalSection(SolutionProperties) = preSolution
		HideSolutionNode = FALSE
	EndGlobalSection
EndGlobal
